
Microsoft Visual Studio Solution File, Format Version 12.00
# Visual Studio Version 17
VisualStudioVersion = 17.0.31903.59
MinimumVisualStudioVersion = 10.0.40219.1
Project("{FAE04EC0-301F-11D3-BF4B-00C04F79EFBC}") = "Masstransit.SagaPoc.Publisher.Application", "Masstransit.SagaPoc.Publisher.Application\Masstransit.SagaPoc.Publisher.Application.csproj", "{9C202ADB-08BF-4C89-8A8B-26E1F5EE29CA}"
EndProject
Project("{FAE04EC0-301F-11D3-BF4B-00C04F79EFBC}") = "Masstransit.SagaPoc.Publisher.Infrastructure", "Masstransit.SagaPoc.Publisher.Infrastructure\Masstransit.SagaPoc.Publisher.Infrastructure.csproj", "{5FB56AEF-64EB-4E69-9D62-9F4EFD84A3B8}"
EndProject
Project("{FAE04EC0-301F-11D3-BF4B-00C04F79EFBC}") = "Masstransit.SagaPoc.Publisher.WebApi", "Masstransit.SagaPoc.Publisher.WebApi\Masstransit.SagaPoc.Publisher.WebApi.csproj", "{BC3A8DA1-E637-497A-8797-011BD4BE3FA4}"
EndProject
Project("{FAE04EC0-301F-11D3-BF4B-00C04F79EFBC}") = "Masstransit.SagaPoc.Publisher.Domain", "Masstransit.SagaPoc.Publisher.Domain\Masstransit.SagaPoc.Publisher.Domain.csproj", "{1395C758-E7FC-4579-AABF-4D8AC47607C1}"
EndProject
Project("{FAE04EC0-301F-11D3-BF4B-00C04F79EFBC}") = "Masstransit.SagaPoc.Shared", "Masstransit.SagaPoc.Shared\Masstransit.SagaPoc.Shared.csproj", "{50AF6B4A-CD95-4019-A67F-023EDB14B882}"
EndProject
Global
	GlobalSection(SolutionConfigurationPlatforms) = preSolution
		Debug|Any CPU = Debug|Any CPU
		Release|Any CPU = Release|Any CPU
	EndGlobalSection
	GlobalSection(SolutionProperties) = preSolution
		HideSolutionNode = FALSE
	EndGlobalSection
	GlobalSection(ProjectConfigurationPlatforms) = postSolution
		{9C202ADB-08BF-4C89-8A8B-26E1F5EE29CA}.Debug|Any CPU.ActiveCfg = Debug|Any CPU
		{9C202ADB-08BF-4C89-8A8B-26E1F5EE29CA}.Debug|Any CPU.Build.0 = Debug|Any CPU
		{9C202ADB-08BF-4C89-8A8B-26E1F5EE29CA}.Release|Any CPU.ActiveCfg = Release|Any CPU
		{9C202ADB-08BF-4C89-8A8B-26E1F5EE29CA}.Release|Any CPU.Build.0 = Release|Any CPU
		{5FB56AEF-64EB-4E69-9D62-9F4EFD84A3B8}.Debug|Any CPU.ActiveCfg = Debug|Any CPU
		{5FB56AEF-64EB-4E69-9D62-9F4EFD84A3B8}.Debug|Any CPU.Build.0 = Debug|Any CPU
		{5FB56AEF-64EB-4E69-9D62-9F4EFD84A3B8}.Release|Any CPU.ActiveCfg = Release|Any CPU
		{5FB56AEF-64EB-4E69-9D62-9F4EFD84A3B8}.Release|Any CPU.Build.0 = Release|Any CPU
		{BC3A8DA1-E637-497A-8797-011BD4BE3FA4}.Debug|Any CPU.ActiveCfg = Debug|Any CPU
		{BC3A8DA1-E637-497A-8797-011BD4BE3FA4}.Debug|Any CPU.Build.0 = Debug|Any CPU
		{BC3A8DA1-E637-497A-8797-011BD4BE3FA4}.Release|Any CPU.ActiveCfg = Release|Any CPU
		{BC3A8DA1-E637-497A-8797-011BD4BE3FA4}.Release|Any CPU.Build.0 = Release|Any CPU
		{1395C758-E7FC-4579-AABF-4D8AC47607C1}.Debug|Any CPU.ActiveCfg = Debug|Any CPU
		{1395C758-E7FC-4579-AABF-4D8AC47607C1}.Debug|Any CPU.Build.0 = Debug|Any CPU
		{1395C758-E7FC-4579-AABF-4D8AC47607C1}.Release|Any CPU.ActiveCfg = Release|Any CPU
		{1395C758-E7FC-4579-AABF-4D8AC47607C1}.Release|Any CPU.Build.0 = Release|Any CPU
		{50AF6B4A-CD95-4019-A67F-023EDB14B882}.Debug|Any CPU.ActiveCfg = Debug|Any CPU
		{50AF6B4A-CD95-4019-A67F-023EDB14B882}.Debug|Any CPU.Build.0 = Debug|Any CPU
		{50AF6B4A-CD95-4019-A67F-023EDB14B882}.Release|Any CPU.ActiveCfg = Release|Any CPU
		{50AF6B4A-CD95-4019-A67F-023EDB14B882}.Release|Any CPU.Build.0 = Release|Any CPU
	EndGlobalSection
EndGlobal
